
Microsoft Visual Studio Solution File, Format Version 12.00
Project("{FAE04EC0-301F-11D3-BF4B-00C04F79EFBC}") = "eStoreAPI", "eStoreAPI\eStoreAPI.csproj", "{C40DF997-6B74-4E64-ACE0-F9056570C069}"
EndProject
Project("{FAE04EC0-301F-11D3-BF4B-00C04F79EFBC}") = "DataAccess", "DataAccess\DataAccess.csproj", "{613C5BE6-1609-4861-BC2D-33B974F1F6EF}"
EndProject
Project("{FAE04EC0-301F-11D3-BF4B-00C04F79EFBC}") = "BusinessObject", "BusinessObject\BusinessObject.csproj", "{0A54074A-F335-45A1-8793-A335D61A693E}"
EndProject
Project("{2150E333-8FDC-42A3-9474-1A3956D46DE8}") = "1. Presentation Layer", "1. Presentation Layer", "{B783445E-91FE-4C98-8E70-6D5AB59B92D1}"
EndProject
Project("{2150E333-8FDC-42A3-9474-1A3956D46DE8}") = "2. Business Layer", "2. Business Layer", "{DBE7AB6D-A548-4FBA-A623-4CC298FEE847}"
EndProject
Project("{2150E333-8FDC-42A3-9474-1A3956D46DE8}") = "3. Data Layer", "3. Data Layer", "{95811255-D0E8-4BE4-996C-4C0C5A1C42D4}"
EndProject
Project("{FAE04EC0-301F-11D3-BF4B-00C04F79EFBC}") = "SalesWPFApp", "SalesWPFApp\SalesWPFApp.csproj", "{52B19AE3-25BC-4B28-BF79-DF36DBC8282E}"
EndProject
Global
	GlobalSection(SolutionConfigurationPlatforms) = preSolution
		Debug|Any CPU = Debug|Any CPU
		Release|Any CPU = Release|Any CPU
	EndGlobalSection
	GlobalSection(ProjectConfigurationPlatforms) = postSolution
		{C40DF997-6B74-4E64-ACE0-F9056570C069}.Debug|Any CPU.ActiveCfg = Debug|Any CPU
		{C40DF997-6B74-4E64-ACE0-F9056570C069}.Debug|Any CPU.Build.0 = Debug|Any CPU
		{C40DF997-6B74-4E64-ACE0-F9056570C069}.Release|Any CPU.ActiveCfg = Release|Any CPU
		{C40DF997-6B74-4E64-ACE0-F9056570C069}.Release|Any CPU.Build.0 = Release|Any CPU
		{613C5BE6-1609-4861-BC2D-33B974F1F6EF}.Debug|Any CPU.ActiveCfg = Debug|Any CPU
		{613C5BE6-1609-4861-BC2D-33B974F1F6EF}.Debug|Any CPU.Build.0 = Debug|Any CPU
		{613C5BE6-1609-4861-BC2D-33B974F1F6EF}.Release|Any CPU.ActiveCfg = Release|Any CPU
		{613C5BE6-1609-4861-BC2D-33B974F1F6EF}.Release|Any CPU.Build.0 = Release|Any CPU
		{0A54074A-F335-45A1-8793-A335D61A693E}.Debug|Any CPU.ActiveCfg = Debug|Any CPU
		{0A54074A-F335-45A1-8793-A335D61A693E}.Debug|Any CPU.Build.0 = Debug|Any CPU
		{0A54074A-F335-45A1-8793-A335D61A693E}.Release|Any CPU.ActiveCfg = Release|Any CPU
		{0A54074A-F335-45A1-8793-A335D61A693E}.Release|Any CPU.Build.0 = Release|Any CPU
		{52B19AE3-25BC-4B28-BF79-DF36DBC8282E}.Debug|Any CPU.ActiveCfg = Debug|Any CPU
		{52B19AE3-25BC-4B28-BF79-DF36DBC8282E}.Debug|Any CPU.Build.0 = Debug|Any CPU
		{52B19AE3-25BC-4B28-BF79-DF36DBC8282E}.Release|Any CPU.ActiveCfg = Release|Any CPU
		{52B19AE3-25BC-4B28-BF79-DF36DBC8282E}.Release|Any CPU.Build.0 = Release|Any CPU
	EndGlobalSection
	GlobalSection(NestedProjects) = preSolution
		{0A54074A-F335-45A1-8793-A335D61A693E} = {DBE7AB6D-A548-4FBA-A623-4CC298FEE847}
		{613C5BE6-1609-4861-BC2D-33B974F1F6EF} = {95811255-D0E8-4BE4-996C-4C0C5A1C42D4}
		{C40DF997-6B74-4E64-ACE0-F9056570C069} = {B783445E-91FE-4C98-8E70-6D5AB59B92D1}
		{52B19AE3-25BC-4B28-BF79-DF36DBC8282E} = {B783445E-91FE-4C98-8E70-6D5AB59B92D1}
	EndGlobalSection
EndGlobal
